
Microsoft Visual Studio Solution File, Format Version 12.00
# Visual Studio Version 16
VisualStudioVersion = 16.0.32126.315
MinimumVisualStudioVersion = 10.0.40219.1
Project("{FAE04EC0-301F-11D3-BF4B-00C04F79EFBC}") = "SECTION 2 SA", "SECTION 2 SA\SECTION 2 SA.csproj", "{54006CBE-22E6-4FC6-8360-D7365053A7BD}"
EndProject
Global
	GlobalSection(SolutionConfigurationPlatforms) = preSolution
		Debug|Any CPU = Debug|Any CPU
		Release|Any CPU = Release|Any CPU
	EndGlobalSection
	GlobalSection(ProjectConfigurationPlatforms) = postSolution
		{54006CBE-22E6-4FC6-8360-D7365053A7BD}.Debug|Any CPU.ActiveCfg = Debug|Any CPU
		{54006CBE-22E6-4FC6-8360-D7365053A7BD}.Debug|Any CPU.Build.0 = Debug|Any CPU
		{54006CBE-22E6-4FC6-8360-D7365053A7BD}.Release|Any CPU.ActiveCfg = Release|Any CPU
		{54006CBE-22E6-4FC6-8360-D7365053A7BD}.Release|Any CPU.Build.0 = Release|Any CPU
	EndGlobalSection
	GlobalSection(SolutionProperties) = preSolution
		HideSolutionNode = FALSE
	EndGlobalSection
	GlobalSection(ExtensibilityGlobals) = postSolution
		SolutionGuid = {FB4D4BCB-7C7E-4C54-8941-F915D18C1715}
	EndGlobalSection
EndGlobal
